
Microsoft Visual Studio Solution File, Format Version 11.00
# Visual Studio 2010
Project("{8BC9CEB8-8B4A-11D0-8D11-00A0C91BC942}") = "ManMadeObjectEditor", "ManMadeObjectEditor.vcxproj", "{C4B33939-03DD-3C61-B5A7-118E30401D1D}"
EndProject
Global
	GlobalSection(SolutionConfigurationPlatforms) = preSolution
		Debug|Win32 = Debug|Win32
		Release|Win32 = Release|Win32
	EndGlobalSection
	GlobalSection(ProjectConfigurationPlatforms) = postSolution
		{C4B33939-03DD-3C61-B5A7-118E30401D1D}.Debug|Win32.ActiveCfg = Debug|Win32
		{C4B33939-03DD-3C61-B5A7-118E30401D1D}.Debug|Win32.Build.0 = Debug|Win32
		{C4B33939-03DD-3C61-B5A7-118E30401D1D}.Release|Win32.ActiveCfg = Release|Win32
		{C4B33939-03DD-3C61-B5A7-118E30401D1D}.Release|Win32.Build.0 = Release|Win32
	EndGlobalSection
	GlobalSection(SolutionProperties) = preSolution
		HideSolutionNode = FALSE
	EndGlobalSection
EndGlobal
