<?xml version="1.0" encoding="utf-8"?>
<Project ToolsVersion="4.0" xmlns="http://schemas.microsoft.com/developer/msbuild/2003">
  <ItemGroup>
    <Filter Include="Generated Files">
      <UniqueIdentifier>{71ED8ED8-ACB9-4CE9-BBE1-E00B30144E11}</UniqueIdentifier>
      <Extensions>cpp;c;cxx;moc;h;def;odl;idl;res;</Extensions>
    </Filter>
    <Filter Include="Generated Files">
      <UniqueIdentifier>{71ED8ED8-ACB9-4CE9-BBE1-E00B30144E11}</UniqueIdentifier>
      <Extensions>cpp;c;cxx;moc;h;def;odl;idl;res;</Extensions>
    </Filter>
    <Filter Include="Header Files">
      <UniqueIdentifier>{93995380-89BD-4b04-88EB-625FBE52EBFB}</UniqueIdentifier>
      <Extensions>h;hpp;hxx;hm;inl;inc;xsd</Extensions>
    </Filter>
    <Filter Include="Header Files">
      <UniqueIdentifier>{93995380-89BD-4b04-88EB-625FBE52EBFB}</UniqueIdentifier>
      <Extensions>h;hpp;hxx;hm;inl;inc;xsd</Extensions>
    </Filter>
    <Filter Include="Source Files">
      <UniqueIdentifier>{4FC737F1-C7A5-4376-A066-2A32D752A2FF}</UniqueIdentifier>
      <Extensions>cpp;c;cxx;def;odl;idl;hpj;bat;asm;asmx</Extensions>
    </Filter>
    <Filter Include="Source Files">
      <UniqueIdentifier>{4FC737F1-C7A5-4376-A066-2A32D752A2FF}</UniqueIdentifier>
      <Extensions>cpp;c;cxx;def;odl;idl;hpj;bat;asm;asmx</Extensions>
    </Filter>
    <Filter Include="Generated Files\Release">
      <UniqueIdentifier>{f2e044b7-7cec-48e2-a5c9-f952c5c11e10}</UniqueIdentifier>
      <Extensions>cpp;moc</Extensions>
      <SourceControlFiles>False</SourceControlFiles>
    </Filter>
    <Filter Include="Generated Files\Debug">
      <UniqueIdentifier>{1b7e579c-8375-4de9-9117-df7b3cd45ce4}</UniqueIdentifier>
      <Extensions>cpp;moc</Extensions>
      <SourceControlFiles>False</SourceControlFiles>
    </Filter>
  </ItemGroup>
  <ItemGroup>
    <ClCompile Include="Reconstruction3D\ActivePlan.cpp">
      <Filter>Source Files</Filter>
    </ClCompile>
    <ClCompile Include="GUI\AllChainScene.cpp">
      <Filter>Source Files</Filter>
    </ClCompile>
    <ClCompile Include="GUI\AllPlanScene.cpp">
      <Filter>Source Files</Filter>
    </ClCompile>
    <ClCompile Include="GUI\BasicQGraphicsView.cpp">
      <Filter>Source Files</Filter>
    </ClCompile>
    <ClCompile Include="GUI\CentralWidget.cpp">
      <Filter>Source Files</Filter>
    </ClCompile>
    <ClCompile Include="Reconstruction3D\Chain.cpp">
      <Filter>Source Files</Filter>
    </ClCompile>
    <ClCompile Include="Geometry\Edge.cpp">
      <Filter>Source Files</Filter>
    </ClCompile>
    <ClCompile Include="Reconstruction3D\EdgeEvent.cpp">
      <Filter>Source Files</Filter>
    </ClCompile>
    <ClCompile Include="Reconstruction3D\Event.cpp">
      <Filter>Source Files</Filter>
    </ClCompile>
    <ClCompile Include="GUI\FloorAndProfileViewer.cpp">
      <Filter>Source Files</Filter>
    </ClCompile>
    <ClCompile Include="FloorPlanAndProfileExtractor.cpp">
      <Filter>Source Files</Filter>
    </ClCompile>
    <ClCompile Include="GUI\FloorScene.cpp">
      <Filter>Source Files</Filter>
    </ClCompile>
    <ClCompile Include="GarbageCollector\GeneralDestructorManager.cpp">
      <Filter>Source Files</Filter>
    </ClCompile>
    <ClCompile Include="Reconstruction3D\GeneralEvent.cpp">
      <Filter>Source Files</Filter>
    </ClCompile>
    <ClCompile Include="Main.cpp">
      <Filter>Source Files</Filter>
    </ClCompile>
    <ClCompile Include="MeshManager.cpp">
      <Filter>Source Files</Filter>
    </ClCompile>
    <ClCompile Include="GUI\ObjectViewer.cpp">
      <Filter>Source Files</Filter>
    </ClCompile>
    <ClCompile Include="Reconstruction3D\Plan.cpp">
      <Filter>Source Files</Filter>
    </ClCompile>
    <ClCompile Include="GUI\PreviewScene.cpp">
      <Filter>Source Files</Filter>
    </ClCompile>
    <ClCompile Include="Geometry\Profile.cpp">
      <Filter>Source Files</Filter>
    </ClCompile>
    <ClCompile Include="GarbageCollector\ProfileDestructorManager.cpp">
      <Filter>Source Files</Filter>
    </ClCompile>
    <ClCompile Include="GUI\ProfileMergeScene.cpp">
      <Filter>Source Files</Filter>
    </ClCompile>
    <ClCompile Include="GUI\ProfileMergeWindow.cpp">
      <Filter>Source Files</Filter>
    </ClCompile>
    <ClCompile Include="GUI\ProfileScene.cpp">
      <Filter>Source Files</Filter>
    </ClCompile>
    <ClCompile Include="Reconstruction3D\Reconstruction3D.cpp">
      <Filter>Source Files</Filter>
    </ClCompile>
    <ClCompile Include="Simplification\Simplification.cpp">
      <Filter>Source Files</Filter>
    </ClCompile>
    <ClCompile Include="GUI\SimplificationFloorPlanScene.cpp">
      <Filter>Source Files</Filter>
    </ClCompile>
    <ClCompile Include="GUI\SimplificationProfileScene.cpp">
      <Filter>Source Files</Filter>
    </ClCompile>
    <ClCompile Include="GUI\SimplificationScene.cpp">
      <Filter>Source Files</Filter>
    </ClCompile>
    <ClCompile Include="GUI\SimplificationWindow.cpp">
      <Filter>Source Files</Filter>
    </ClCompile>
    <ClCompile Include="Test.cpp">
      <Filter>Source Files</Filter>
    </ClCompile>
    <ClCompile Include="Utils.cpp">
      <Filter>Source Files</Filter>
    </ClCompile>
    <ClCompile Include="Geometry\Vertex.cpp">
      <Filter>Source Files</Filter>
    </ClCompile>
    <ClCompile Include="Release\moc_CentralWidget.cpp">
      <Filter>Generated Files\Release</Filter>
    </ClCompile>
    <ClCompile Include="Debug\moc_CentralWidget.cpp">
      <Filter>Generated Files\Debug</Filter>
    </ClCompile>
    <ClCompile Include="Release\moc_FloorAndProfileViewer.cpp">
      <Filter>Generated Files\Release</Filter>
    </ClCompile>
    <ClCompile Include="Debug\moc_FloorAndProfileViewer.cpp">
      <Filter>Generated Files\Debug</Filter>
    </ClCompile>
    <ClCompile Include="Release\moc_FloorScene.cpp">
      <Filter>Generated Files\Release</Filter>
    </ClCompile>
    <ClCompile Include="Debug\moc_FloorScene.cpp">
      <Filter>Generated Files\Debug</Filter>
    </ClCompile>
    <ClCompile Include="Release\moc_MeshManager.cpp">
      <Filter>Generated Files\Release</Filter>
    </ClCompile>
    <ClCompile Include="Debug\moc_MeshManager.cpp">
      <Filter>Generated Files\Debug</Filter>
    </ClCompile>
    <ClCompile Include="Release\moc_ObjectViewer.cpp">
      <Filter>Generated Files\Release</Filter>
    </ClCompile>
    <ClCompile Include="Debug\moc_ObjectViewer.cpp">
      <Filter>Generated Files\Debug</Filter>
    </ClCompile>
    <ClCompile Include="Release\moc_ProfileMergeWindow.cpp">
      <Filter>Generated Files\Release</Filter>
    </ClCompile>
    <ClCompile Include="Debug\moc_ProfileMergeWindow.cpp">
      <Filter>Generated Files\Debug</Filter>
    </ClCompile>
    <ClCompile Include="Release\moc_ProfileScene.cpp">
      <Filter>Generated Files\Release</Filter>
    </ClCompile>
    <ClCompile Include="Debug\moc_ProfileScene.cpp">
      <Filter>Generated Files\Debug</Filter>
    </ClCompile>
    <ClCompile Include="Release\moc_SimplificationWindow.cpp">
      <Filter>Generated Files\Release</Filter>
    </ClCompile>
    <ClCompile Include="Debug\moc_SimplificationWindow.cpp">
      <Filter>Generated Files\Debug</Filter>
    </ClCompile>
  </ItemGroup>
  <ItemGroup>
    <ClInclude Include="Reconstruction3D\ActivePlan.h">
      <Filter>Header Files</Filter>
    </ClInclude>
    <ClInclude Include="GUI\AllChainScene.h">
      <Filter>Header Files</Filter>
    </ClInclude>
    <ClInclude Include="GUI\AllPlanScene.h">
      <Filter>Header Files</Filter>
    </ClInclude>
    <ClInclude Include="GUI\BasicQGraphicsView.h">
      <Filter>Header Files</Filter>
    </ClInclude>
    <CustomBuild Include="GUI\CentralWidget.h">
      <Filter>Header Files</Filter>
    </CustomBuild>
    <ClInclude Include="Reconstruction3D\Chain.h">
      <Filter>Header Files</Filter>
    </ClInclude>
    <ClInclude Include="Simplification\Curve.h">
      <Filter>Header Files</Filter>
    </ClInclude>
    <ClInclude Include="Geometry\Edge.h">
      <Filter>Header Files</Filter>
    </ClInclude>
    <ClInclude Include="Reconstruction3D\EdgeEvent.h">
      <Filter>Header Files</Filter>
    </ClInclude>
    <ClInclude Include="Reconstruction3D\Event.h">
      <Filter>Header Files</Filter>
    </ClInclude>
    <ClInclude Include="Reconstruction3D\EventComparator.h">
      <Filter>Header Files</Filter>
    </ClInclude>
    <CustomBuild Include="GUI\FloorAndProfileViewer.h">
      <Filter>Header Files</Filter>
    </CustomBuild>
    <ClInclude Include="FloorPlanAndProfileExtractor.h">
      <Filter>Header Files</Filter>
    </ClInclude>
    <CustomBuild Include="GUI\FloorScene.h">
      <Filter>Header Files</Filter>
    </CustomBuild>
    <ClInclude Include="GarbageCollector\GarbageCollectorObject.h">
      <Filter>Header Files</Filter>
    </ClInclude>
    <ClInclude Include="GarbageCollector\GeneralDestructorManager.h">
      <Filter>Header Files</Filter>
    </ClInclude>
    <ClInclude Include="Reconstruction3D\GeneralEvent.h">
      <Filter>Header Files</Filter>
    </ClInclude>
    <CustomBuild Include="MeshManager.h">
      <Filter>Header Files</Filter>
    </CustomBuild>
    <CustomBuild Include="GUI\ObjectViewer.h">
      <Filter>Header Files</Filter>
    </CustomBuild>
    <ClInclude Include="Reconstruction3D\Plan.h">
      <Filter>Header Files</Filter>
    </ClInclude>
    <ClInclude Include="GUI\PreviewScene.h">
      <Filter>Header Files</Filter>
    </ClInclude>
    <ClInclude Include="Geometry\Profile.h">
      <Filter>Header Files</Filter>
    </ClInclude>
    <ClInclude Include="GarbageCollector\ProfileDestructorManager.h">
      <Filter>Header Files</Filter>
    </ClInclude>
    <ClInclude Include="GUI\ProfileMergeScene.h">
      <Filter>Header Files</Filter>
    </ClInclude>
    <CustomBuild Include="GUI\ProfileMergeWindow.h">
      <Filter>Header Files</Filter>
    </CustomBuild>
    <CustomBuild Include="GUI\ProfileScene.h">
      <Filter>Header Files</Filter>
    </CustomBuild>
    <ClInclude Include="Reconstruction3D\Reconstruction3D.h">
      <Filter>Header Files</Filter>
    </ClInclude>
    <ClInclude Include="Simplification\Simplification.h">
      <Filter>Header Files</Filter>
    </ClInclude>
    <ClInclude Include="GUI\SimplificationFloorPlanScene.h">
      <Filter>Header Files</Filter>
    </ClInclude>
    <ClInclude Include="GUI\SimplificationProfileScene.h">
      <Filter>Header Files</Filter>
    </ClInclude>
    <ClInclude Include="GUI\SimplificationScene.h">
      <Filter>Header Files</Filter>
    </ClInclude>
    <CustomBuild Include="GUI\SimplificationWindow.h">
      <Filter>Header Files</Filter>
    </CustomBuild>
    <ClInclude Include="Test.h">
      <Filter>Header Files</Filter>
    </ClInclude>
    <ClInclude Include="Utils.h">
      <Filter>Header Files</Filter>
    </ClInclude>
    <ClInclude Include="Geometry\Vertex.h">
      <Filter>Header Files</Filter>
    </ClInclude>
  </ItemGroup>
</Project>